{
  "name": "vue3",
  "lockfileVersion": 3,
  "requires": true,
  "packages": {
    "": {
      "dependencies": {
        "dompurify": "^3.2.4",
        "echarts": "^5.5.0",
        "echarts-gl": "^2.0.9",
        "echarts-liquidfill": "^3.1.0",
        "github-markdown-css": "^5.6.1",
        "highlight.js": "^11.10.0",
        "lodash": "^4.17.21",
        "marked": "^14.1.4",
        "moment": "^2.30.1",
        "vue-markdown": "^2.2.4",
        "vue-markdown-it": "^0.9.4",
        "vue3-markdown-it": "^1.0.10"
      }
    },
    "node_modules/@babel/helper-string-parser": {
      "version": "7.25.9",
      "resolved": "https://registry.npmmirror.com/@babel/helper-string-parser/-/helper-string-parser-7.25.9.tgz",
      "integrity": "sha512-4A/SCr/2KLd5jrtOMFzaKjVtAei3+2r/NChoBNoZ3EyP/+GlhoaEGoWOZUmFmoITP7zOJyHIMm+DYRd8o3PvHA==",
      "license": "MIT",
      "engines": {
        "node": ">=6.9.0"
      }
    },
    "node_modules/@babel/helper-validator-identifier": {
      "version": "7.25.9",
      "resolved": "https://registry.npmmirror.com/@babel/helper-validator-identifier/-/helper-validator-identifier-7.25.9.tgz",
      "integrity": "sha512-Ed61U6XJc3CVRfkERJWDz4dJwKe7iLmmJsbOGu9wSloNSFttHV0I8g6UAgb7qnK5ly5bGLPd4oXZlxCdANBOWQ==",
      "license": "MIT",
      "engines": {
        "node": ">=6.9.0"
      }
    },
    "node_modules/@babel/parser": {
      "version": "7.26.9",
      "resolved": "https://registry.npmmirror.com/@babel/parser/-/parser-7.26.9.tgz",
      "integrity": "sha512-81NWa1njQblgZbQHxWHpxxCzNsa3ZwvFqpUg7P+NNUU6f3UU2jBEg4OlF/J6rl8+PQGh1q6/zWScd001YwcA5A==",
      "license": "MIT",
      "dependencies": {
        "@babel/types": "^7.26.9"
      },
      "bin": {
        "parser": "bin/babel-parser.js"
      },
      "engines": {
        "node": ">=6.0.0"
      }
    },
    "node_modules/@babel/types": {
      "version": "7.26.9",
      "resolved": "https://registry.npmmirror.com/@babel/types/-/types-7.26.9.tgz",
      "integrity": "sha512-Y3IR1cRnOxOCDvMmNiym7XpXQ93iGDDPHx+Zj+NM+rg0fBaShfQLkg+hKPaZCEvg5N/LeCo4+Rj/i3FuJsIQaw==",
      "license": "MIT",
      "dependencies": {
        "@babel/helper-string-parser": "^7.25.9",
        "@babel/helper-validator-identifier": "^7.25.9"
      },
      "engines": {
        "node": ">=6.9.0"
      }
    },
    "node_modules/@types/linkify-it": {
      "version": "5.0.0",
      "resolved": "https://registry.npmmirror.com/@types/linkify-it/-/linkify-it-5.0.0.tgz",
      "integrity": "sha512-sVDA58zAw4eWAffKOaQH5/5j3XeayukzDk+ewSsnv3p4yJEZHCCzMDiZM8e0OUrRvmpGZ85jf4yDHkHsgBNr9Q==",
      "license": "MIT",
      "peer": true
    },
    "node_modules/@types/markdown-it": {
      "version": "14.1.2",
      "resolved": "https://registry.npmmirror.com/@types/markdown-it/-/markdown-it-14.1.2.tgz",
      "integrity": "sha512-promo4eFwuiW+TfGxhi+0x3czqTYJkG8qB17ZUJiVF10Xm7NLVRSLUsfRTU/6h1e24VvRnXCx+hG7li58lkzog==",
      "license": "MIT",
      "peer": true,
      "dependencies": {
        "@types/linkify-it": "^5",
        "@types/mdurl": "^2"
      }
    },
    "node_modules/@types/mdurl": {
      "version": "2.0.0",
      "resolved": "https://registry.npmmirror.com/@types/mdurl/-/mdurl-2.0.0.tgz",
      "integrity": "sha512-RGdgjQUZba5p6QEFAVx2OGb8rQDL/cPRG7GiedRzMcJ1tYnUANBncjbSB1NRGwbvjcPeikRABz2nshyPk1bhWg==",
      "license": "MIT",
      "peer": true
    },
    "node_modules/@types/trusted-types": {
      "version": "2.0.7",
      "resolved": "https://registry.npmmirror.com/@types/trusted-types/-/trusted-types-2.0.7.tgz",
      "integrity": "sha512-ScaPdn1dQczgbl0QFTeTOmVHFULt394XJgOQNoyVhZ6r2vLnMLJfBPd53SB52T/3G36VI1/g2MZaX0cwDuXsfw==",
      "license": "MIT",
      "optional": true
    },
    "node_modules/@vue/compiler-sfc": {
      "version": "2.7.16",
      "resolved": "https://registry.npmmirror.com/@vue/compiler-sfc/-/compiler-sfc-2.7.16.tgz",
      "integrity": "sha512-KWhJ9k5nXuNtygPU7+t1rX6baZeqOYLEforUPjgNDBnLicfHCoi48H87Q8XyLZOrNNsmhuwKqtpDQWjEFe6Ekg==",
      "dependencies": {
        "@babel/parser": "^7.23.5",
        "postcss": "^8.4.14",
        "source-map": "^0.6.1"
      },
      "optionalDependencies": {
        "prettier": "^1.18.2 || ^2.0.0"
      }
    },
    "node_modules/argparse": {
      "version": "1.0.10",
      "resolved": "https://registry.npmmirror.com/argparse/-/argparse-1.0.10.tgz",
      "integrity": "sha512-o5Roy6tNG4SL/FOkCAN6RzjiakZS25RLYFrcMttJqbdd8BWrnA+fGz57iN5Pb06pvBGvl5gQ0B48dJlslXvoTg==",
      "license": "MIT",
      "dependencies": {
        "sprintf-js": "~1.0.2"
      }
    },
    "node_modules/claygl": {
      "version": "1.3.0",
      "resolved": "https://registry.npmjs.org/claygl/-/claygl-1.3.0.tgz",
      "integrity": "sha512-+gGtJjT6SSHD2l2yC3MCubW/sCV40tZuSs5opdtn79vFSGUgp/lH139RNEQ6Jy078/L0aV8odCw8RSrUcMfLaQ=="
    },
    "node_modules/clone": {
      "version": "2.1.2",
      "resolved": "https://registry.npmmirror.com/clone/-/clone-2.1.2.tgz",
      "integrity": "sha512-3Pe/CF1Nn94hyhIYpjtiLhdCoEoz0DqQ+988E9gmeEdQZlojxnOb74wctFyuwWQHzqyf9X7C7MG8juUpqBJT8w==",
      "license": "MIT",
      "engines": {
        "node": ">=0.8"
      }
    },
    "node_modules/csstype": {
      "version": "3.1.3",
      "resolved": "https://registry.npmmirror.com/csstype/-/csstype-3.1.3.tgz",
      "integrity": "sha512-M1uQkMl8rQK/szD0LNhtqxIPLpimGm8sOBwU7lLnCpSbTyY3yeU1Vc7l4KT5zT4s/yOxHH5O7tIuuLOCnLADRw==",
      "license": "MIT"
    },
    "node_modules/dompurify": {
      "version": "3.2.4",
      "resolved": "https://registry.npmmirror.com/dompurify/-/dompurify-3.2.4.tgz",
      "integrity": "sha512-ysFSFEDVduQpyhzAob/kkuJjf5zWkZD8/A9ywSp1byueyuCfHamrCBa14/Oc2iiB0e51B+NpxSl5gmzn+Ms/mg==",
      "license": "(MPL-2.0 OR Apache-2.0)",
      "optionalDependencies": {
        "@types/trusted-types": "^2.0.7"
      }
    },
    "node_modules/echarts": {
      "version": "5.5.0",
      "resolved": "https://registry.npmjs.org/echarts/-/echarts-5.5.0.tgz",
      "integrity": "sha512-rNYnNCzqDAPCr4m/fqyUFv7fD9qIsd50S6GDFgO1DxZhncCsNsG7IfUlAlvZe5oSEQxtsjnHiUuppzccry93Xw==",
      "dependencies": {
        "tslib": "2.3.0",
        "zrender": "5.5.0"
      }
    },
    "node_modules/echarts-gl": {
      "version": "2.0.9",
      "resolved": "https://registry.npmjs.org/echarts-gl/-/echarts-gl-2.0.9.tgz",
      "integrity": "sha512-oKeMdkkkpJGWOzjgZUsF41DOh6cMsyrGGXimbjK2l6Xeq/dBQu4ShG2w2Dzrs/1bD27b2pLTGSaUzouY191gzA==",
      "dependencies": {
        "claygl": "^1.2.1",
        "zrender": "^5.1.1"
      },
      "peerDependencies": {
        "echarts": "^5.1.2"
      }
    },
    "node_modules/echarts-liquidfill": {
      "version": "3.1.0",
      "resolved": "https://registry.npmjs.org/echarts-liquidfill/-/echarts-liquidfill-3.1.0.tgz",
      "integrity": "sha512-5Dlqs/jTsdTUAsd+K5LPLLTgrbbNORUSBQyk8PSy1Mg2zgHDWm83FmvA4s0ooNepCJojFYRITTQ4GU1UUSKYLw==",
      "peerDependencies": {
        "echarts": "^5.0.1"
      }
    },
    "node_modules/entities": {
      "version": "1.1.2",
      "resolved": "https://registry.npmmirror.com/entities/-/entities-1.1.2.tgz",
      "integrity": "sha512-f2LZMYl1Fzu7YSBKg+RoROelpOaNrcGmE9AZubeDfrCEia483oW4MI4VyFd5VNHIgQ/7qm1I0wUHK1eJnn2y2w==",
      "license": "BSD-2-Clause"
    },
    "node_modules/github-markdown-css": {
      "version": "5.6.1",
      "resolved": "https://registry.npmmirror.com/github-markdown-css/-/github-markdown-css-5.6.1.tgz",
      "integrity": "sha512-DItLFgHd+s7HQmk63YN4/TdvLeRqk1QP7pPKTTPrDTYoI5x7f/luJWSOZxesmuxBI2srHp8RDyoZd+9WF+WK8Q==",
      "license": "MIT",
      "engines": {
        "node": ">=10"
      },
      "funding": {
        "url": "https://github.com/sponsors/sindresorhus"
      }
    },
    "node_modules/highlight.js": {
      "version": "11.10.0",
      "resolved": "https://registry.npmmirror.com/highlight.js/-/highlight.js-11.10.0.tgz",
      "integrity": "sha512-SYVnVFswQER+zu1laSya563s+F8VDGt7o35d4utbamowvUNLLMovFqwCLSocpZTz3MgaSRA1IbqRWZv97dtErQ==",
      "license": "BSD-3-Clause",
      "engines": {
        "node": ">=12.0.0"
      }
    },
    "node_modules/katex": {
      "version": "0.6.0",
      "resolved": "https://registry.npmmirror.com/katex/-/katex-0.6.0.tgz",
      "integrity": "sha512-rS4mY3SvHYg5LtQV6RBcK0if7ur6plyEukAOV+jGGPqFImuzu8fHL6M752iBmRGoUyF0bhZbAPoezehn7xYksA==",
      "license": "MIT",
      "dependencies": {
        "match-at": "^0.1.0"
      },
      "bin": {
        "katex": "cli.js"
      }
    },
    "node_modules/linkify-it": {
      "version": "1.2.4",
      "resolved": "https://registry.npmmirror.com/linkify-it/-/linkify-it-1.2.4.tgz",
      "integrity": "sha512-eGHwtlABkp1NOJSiKUNqBf3SYAS5jPHtvRXPAgNaQwTqmkTahjtiLH9NtxdR5IOPhNvwNMN/diswSfZKzUkhGg==",
      "license": "MIT",
      "dependencies": {
        "uc.micro": "^1.0.1"
      }
    },
    "node_modules/lodash": {
      "version": "4.17.21",
      "resolved": "https://registry.npmjs.org/lodash/-/lodash-4.17.21.tgz",
      "integrity": "sha512-v2kDEe57lecTulaDIuNTPy3Ry4gLGJ6Z1O3vE1krgXZNrsQ+LFTGHVxVjcXPs17LhbZVGedAJv8XZ1tvj5FvSg=="
    },
    "node_modules/lodash.flow": {
      "version": "3.5.0",
      "resolved": "https://registry.npmmirror.com/lodash.flow/-/lodash.flow-3.5.0.tgz",
      "integrity": "sha512-ff3BX/tSioo+XojX4MOsOMhJw0nZoUEF011LX8g8d3gvjVbxd89cCio4BCXronjxcTUIJUoqKEUA+n4CqvvRPw==",
      "license": "MIT"
    },
    "node_modules/markdown-it": {
      "version": "6.1.1",
      "resolved": "https://registry.npmmirror.com/markdown-it/-/markdown-it-6.1.1.tgz",
      "integrity": "sha512-woFl7h/sqt9xRmiMweNuO7nu+w8Lz3SXsDlvE3TYeu1SdPqQ+VW4GZyaKP442Bq6XUN6V6IQjJTR93RDYG2mjw==",
      "license": "MIT",
      "dependencies": {
        "argparse": "^1.0.7",
        "entities": "~1.1.1",
        "linkify-it": "~1.2.2",
        "mdurl": "~1.0.1",
        "uc.micro": "^1.0.1"
      },
      "bin": {
        "markdown-it": "bin/markdown-it.js"
      }
    },
    "node_modules/markdown-it-abbr": {
      "version": "1.0.4",
      "resolved": "https://registry.npmmirror.com/markdown-it-abbr/-/markdown-it-abbr-1.0.4.tgz",
      "integrity": "sha512-ZeA4Z4SaBbYysZap5iZcxKmlPL6bYA8grqhzJIHB1ikn7njnzaP8uwbtuXc4YXD5LicI4/2Xmc0VwmSiFV04gg==",
      "license": "MIT"
    },
    "node_modules/markdown-it-anchor": {
      "version": "8.6.7",
      "resolved": "https://registry.npmmirror.com/markdown-it-anchor/-/markdown-it-anchor-8.6.7.tgz",
      "integrity": "sha512-FlCHFwNnutLgVTflOYHPW2pPcl2AACqVzExlkGQNsi4CJgqOHN7YTgDd4LuhgN1BFO3TS0vLAruV1Td6dwWPJA==",
      "license": "Unlicense",
      "peerDependencies": {
        "@types/markdown-it": "*",
        "markdown-it": "*"
      }
    },
    "node_modules/markdown-it-deflist": {
      "version": "2.1.0",
      "resolved": "https://registry.npmmirror.com/markdown-it-deflist/-/markdown-it-deflist-2.1.0.tgz",
      "integrity": "sha512-3OuqoRUlSxJiuQYu0cWTLHNhhq2xtoSFqsZK8plANg91+RJQU1ziQ6lA2LzmFAEes18uPBsHZpcX6We5l76Nzg==",
      "license": "MIT"
    },
    "node_modules/markdown-it-emoji": {
      "version": "1.4.0",
      "resolved": "https://registry.npmmirror.com/markdown-it-emoji/-/markdown-it-emoji-1.4.0.tgz",
      "integrity": "sha512-QCz3Hkd+r5gDYtS2xsFXmBYrgw6KuWcJZLCEkdfAuwzZbShCmCfta+hwAMq4NX/4xPzkSHduMKgMkkPUJxSXNg==",
      "license": "MIT"
    },
    "node_modules/markdown-it-footnote": {
      "version": "2.0.0",
      "resolved": "https://registry.npmmirror.com/markdown-it-footnote/-/markdown-it-footnote-2.0.0.tgz",
      "integrity": "sha512-GMWkJXSHh5tiQt77zCLOSZI2Xy3Oqdb82GmT0Q0h2UT6SbUrMCAiHEiMBIt5V7Xfm73rBxS0VOhlLndkn1GPnw==",
      "license": "MIT"
    },
    "node_modules/markdown-it-highlightjs": {
      "version": "3.6.0",
      "resolved": "https://registry.npmmirror.com/markdown-it-highlightjs/-/markdown-it-highlightjs-3.6.0.tgz",
      "integrity": "sha512-ex+Lq3cVkprh0GpGwFyc53A/rqY6GGzopPCG1xMsf8Ya3XtGC8Uw9tChN1rWbpyDae7tBBhVHVcMM29h4Btamw==",
      "license": "Unlicense",
      "dependencies": {
        "highlight.js": "^11.3.1",
        "lodash.flow": "^3.5.0"
      }
    },
    "node_modules/markdown-it-ins": {
      "version": "2.0.0",
      "resolved": "https://registry.npmmirror.com/markdown-it-ins/-/markdown-it-ins-2.0.0.tgz",
      "integrity": "sha512-DhLLxseIg2C7+AULvoyVI+zMeufR0QFvXJ2o0oV013hN5HvBvNh2rbVtTdxZjI959+hgo2AA0aRdtEIUaKPbhg==",
      "license": "MIT"
    },
    "node_modules/markdown-it-katex": {
      "version": "2.0.3",
      "resolved": "https://registry.npmmirror.com/markdown-it-katex/-/markdown-it-katex-2.0.3.tgz",
      "integrity": "sha512-nUkkMtRWeg7OpdflamflE/Ho/pWl64Lk9wNBKOmaj33XkQdumhXAIYhI0WO03GeiycPCsxbmX536V5NEXpC3Ng==",
      "license": "MIT",
      "dependencies": {
        "katex": "^0.6.0"
      }
    },
    "node_modules/markdown-it-mark": {
      "version": "2.0.0",
      "resolved": "https://registry.npmmirror.com/markdown-it-mark/-/markdown-it-mark-2.0.0.tgz",
      "integrity": "sha512-iT8ua0Bda8QrVwHDOUNw1eyCuL7irXeYch5n8zGS4tb7wsDIn7EjQZLjihKaijzBiL0ikfWL2zAvL/ECqTvsNA==",
      "license": "MIT"
    },
    "node_modules/markdown-it-smartarrows": {
      "version": "1.0.1",
      "resolved": "https://registry.npmmirror.com/markdown-it-smartarrows/-/markdown-it-smartarrows-1.0.1.tgz",
      "integrity": "sha512-LwWnlFyLY5ANjLR0a8BuLvQEm4Ri76IavQwqTnpquSiMoE3JXefk5Pu7nD5VKn784bgLqL3sexdt/j8GwuLgOw==",
      "license": "MIT"
    },
    "node_modules/markdown-it-sub": {
      "version": "1.0.0",
      "resolved": "https://registry.npmmirror.com/markdown-it-sub/-/markdown-it-sub-1.0.0.tgz",
      "integrity": "sha512-z2Rm/LzEE1wzwTSDrI+FlPEveAAbgdAdPhdWarq/ZGJrGW/uCQbKAnhoCsE4hAbc3SEym26+W2z/VQB0cQiA9Q==",
      "license": "MIT"
    },
    "node_modules/markdown-it-sup": {
      "version": "1.0.0",
      "resolved": "https://registry.npmmirror.com/markdown-it-sup/-/markdown-it-sup-1.0.0.tgz",
      "integrity": "sha512-E32m0nV9iyhRR7CrhnzL5msqic7rL1juWre6TQNxsnApg7Uf+F97JOKxUijg5YwXz86lZ0mqfOnutoryyNdntQ==",
      "license": "MIT"
    },
    "node_modules/markdown-it-task-lists": {
      "version": "2.1.1",
      "resolved": "https://registry.npmmirror.com/markdown-it-task-lists/-/markdown-it-task-lists-2.1.1.tgz",
      "integrity": "sha512-TxFAc76Jnhb2OUu+n3yz9RMu4CwGfaT788br6HhEDlvWfdeJcLUsxk1Hgw2yJio0OXsxv7pyIPmvECY7bMbluA==",
      "license": "ISC"
    },
    "node_modules/markdown-it-toc-and-anchor": {
      "version": "4.2.0",
      "resolved": "https://registry.npmmirror.com/markdown-it-toc-and-anchor/-/markdown-it-toc-and-anchor-4.2.0.tgz",
      "integrity": "sha512-DusSbKtg8CwZ92ztN7bOojDpP4h0+w7BVOPuA3PHDIaabMsERYpwsazLYSP/UlKedoQjOz21mwlai36TQ04EpA==",
      "license": "MIT",
      "dependencies": {
        "clone": "^2.1.0",
        "uslug": "^1.0.4"
      }
    },
    "node_modules/markdown-it-toc-done-right": {
      "version": "4.2.0",
      "resolved": "https://registry.npmmirror.com/markdown-it-toc-done-right/-/markdown-it-toc-done-right-4.2.0.tgz",
      "integrity": "sha512-UB/IbzjWazwTlNAX0pvWNlJS8NKsOQ4syrXZQ/C72j+jirrsjVRT627lCaylrKJFBQWfRsPmIVQie8x38DEhAQ==",
      "license": "MIT"
    },
    "node_modules/marked": {
      "version": "14.1.4",
      "resolved": "https://registry.npmmirror.com/marked/-/marked-14.1.4.tgz",
      "integrity": "sha512-vkVZ8ONmUdPnjCKc5uTRvmkRbx4EAi2OkTOXmfTDhZz3OFqMNBM1oTTWwTr4HY4uAEojhzPf+Fy8F1DWa3Sndg==",
      "license": "MIT",
      "bin": {
        "marked": "bin/marked.js"
      },
      "engines": {
        "node": ">= 18"
      }
    },
    "node_modules/match-at": {
      "version": "0.1.1",
      "resolved": "https://registry.npmmirror.com/match-at/-/match-at-0.1.1.tgz",
      "integrity": "sha512-h4Yd392z9mST+dzc+yjuybOGFNOZjmXIPKWjxBd1Bb23r4SmDOsk2NYCU2BMUBGbSpZqwVsZYNq26QS3xfaT3Q=="
    },
    "node_modules/mdurl": {
      "version": "1.0.1",
      "resolved": "https://registry.npmmirror.com/mdurl/-/mdurl-1.0.1.tgz",
      "integrity": "sha512-/sKlQJCBYVY9Ers9hqzKou4H6V5UWc/M59TH2dvkt+84itfnq7uFOMLpOiOS4ujvHP4etln18fmIxA5R5fll0g==",
      "license": "MIT"
    },
    "node_modules/moment": {
      "version": "2.30.1",
      "resolved": "https://registry.npmjs.org/moment/-/moment-2.30.1.tgz",
      "integrity": "sha512-uEmtNhbDOrWPFS+hdjFCBfy9f2YoyzRpwcl+DqpC6taX21FzsTLQVbMV/W7PzNSX6x/bhC1zA3c2UQ5NzH6how==",
      "engines": {
        "node": "*"
      }
    },
    "node_modules/nanoid": {
      "version": "3.3.9",
      "resolved": "https://registry.npmmirror.com/nanoid/-/nanoid-3.3.9.tgz",
      "integrity": "sha512-SppoicMGpZvbF1l3z4x7No3OlIjP7QJvC9XR7AhZr1kL133KHnKPztkKDc+Ir4aJ/1VhTySrtKhrsycmrMQfvg==",
      "funding": [
        {
          "type": "github",
          "url": "https://github.com/sponsors/ai"
        }
      ],
      "license": "MIT",
      "bin": {
        "nanoid": "bin/nanoid.cjs"
      },
      "engines": {
        "node": "^10 || ^12 || ^13.7 || ^14 || >=15.0.1"
      }
    },
    "node_modules/picocolors": {
      "version": "1.1.1",
      "resolved": "https://registry.npmmirror.com/picocolors/-/picocolors-1.1.1.tgz",
      "integrity": "sha512-xceH2snhtb5M9liqDsmEw56le376mTZkEX/jEb/RxNFyegNul7eNslCXP9FDj/Lcu0X8KEyMceP2ntpaHrDEVA==",
      "license": "ISC"
    },
    "node_modules/postcss": {
      "version": "8.5.3",
      "resolved": "https://registry.npmmirror.com/postcss/-/postcss-8.5.3.tgz",
      "integrity": "sha512-dle9A3yYxlBSrt8Fu+IpjGT8SY8hN0mlaA6GY8t0P5PjIOZemULz/E2Bnm/2dcUOena75OTNkHI76uZBNUUq3A==",
      "funding": [
        {
          "type": "opencollective",
          "url": "https://opencollective.com/postcss/"
        },
        {
          "type": "tidelift",
          "url": "https://tidelift.com/funding/github/npm/postcss"
        },
        {
          "type": "github",
          "url": "https://github.com/sponsors/ai"
        }
      ],
      "license": "MIT",
      "dependencies": {
        "nanoid": "^3.3.8",
        "picocolors": "^1.1.1",
        "source-map-js": "^1.2.1"
      },
      "engines": {
        "node": "^10 || ^12 || >=14"
      }
    },
    "node_modules/prettier": {
      "version": "2.8.8",
      "resolved": "https://registry.npmmirror.com/prettier/-/prettier-2.8.8.tgz",
      "integrity": "sha512-tdN8qQGvNjw4CHbY+XXk0JgCXn9QiF21a55rBe5LJAU+kDyC4WQn4+awm2Xfk2lQMk5fKup9XgzTZtGkjBdP9Q==",
      "license": "MIT",
      "optional": true,
      "bin": {
        "prettier": "bin-prettier.js"
      },
      "engines": {
        "node": ">=10.13.0"
      },
      "funding": {
        "url": "https://github.com/prettier/prettier?sponsor=1"
      }
    },
    "node_modules/source-map": {
      "version": "0.6.1",
      "resolved": "https://registry.npmmirror.com/source-map/-/source-map-0.6.1.tgz",
      "integrity": "sha512-UjgapumWlbMhkBgzT7Ykc5YXUT46F0iKu8SGXq0bcwP5dz/h0Plj6enJqjz1Zbq2l5WaqYnrVbwWOWMyF3F47g==",
      "license": "BSD-3-Clause",
      "engines": {
        "node": ">=0.10.0"
      }
    },
    "node_modules/source-map-js": {
      "version": "1.2.1",
      "resolved": "https://registry.npmmirror.com/source-map-js/-/source-map-js-1.2.1.tgz",
      "integrity": "sha512-UXWMKhLOwVKb728IUtQPXxfYU+usdybtUrK/8uGE8CQMvrhOpwvzDBwj0QhSL7MQc7vIsISBG8VQ8+IDQxpfQA==",
      "license": "BSD-3-Clause",
      "engines": {
        "node": ">=0.10.0"
      }
    },
    "node_modules/sprintf-js": {
      "version": "1.0.3",
      "resolved": "https://registry.npmmirror.com/sprintf-js/-/sprintf-js-1.0.3.tgz",
      "integrity": "sha512-D9cPgkvLlV3t3IzL0D0YLvGA9Ahk4PcvVwUbN0dSGr1aP0Nrt4AEnTUbuGvquEC0mA64Gqt1fzirlRs5ibXx8g==",
      "license": "BSD-3-Clause"
    },
    "node_modules/tslib": {
      "version": "2.3.0",
      "resolved": "https://registry.npmjs.org/tslib/-/tslib-2.3.0.tgz",
      "integrity": "sha512-N82ooyxVNm6h1riLCoyS9e3fuJ3AMG2zIZs2Gd1ATcSFjSA23Q0fzjjZeh0jbJvWVDZ0cJT8yaNNaaXHzueNjg=="
    },
    "node_modules/uc.micro": {
      "version": "1.0.6",
      "resolved": "https://registry.npmmirror.com/uc.micro/-/uc.micro-1.0.6.tgz",
      "integrity": "sha512-8Y75pvTYkLJW2hWQHXxoqRgV7qb9B+9vFEtidML+7koHUFapnVJAZ6cKs+Qjz5Aw3aZWHMC6u0wJE3At+nSGwA==",
      "license": "MIT"
    },
    "node_modules/unorm": {
      "version": "1.6.0",
      "resolved": "https://registry.npmmirror.com/unorm/-/unorm-1.6.0.tgz",
      "integrity": "sha512-b2/KCUlYZUeA7JFUuRJZPUtr4gZvBh7tavtv4fvk4+KV9pfGiR6CQAQAWl49ZpR3ts2dk4FYkP7EIgDJoiOLDA==",
      "license": "MIT or GPL-2.0",
      "engines": {
        "node": ">= 0.4.0"
      }
    },
    "node_modules/uslug": {
      "version": "1.0.4",
      "resolved": "https://registry.npmmirror.com/uslug/-/uslug-1.0.4.tgz",
      "integrity": "sha512-Jrbpp/NS3TvIGNjfJT1sn3/BCeykoxR8GbNYW5lF6fUscLkbXFwj1b7m4DvIkHm8k3Qr6Co68lbTmoZTMGk/ow==",
      "dependencies": {
        "unorm": ">= 1.0.0"
      },
      "engines": {
        "node": ">= 0.4.0"
      }
    },
    "node_modules/vue": {
      "version": "2.7.16",
      "resolved": "https://registry.npmmirror.com/vue/-/vue-2.7.16.tgz",
      "integrity": "sha512-4gCtFXaAA3zYZdTp5s4Hl2sozuySsgz4jy1EnpBHNfpMa9dK1ZCG7viqBPCwXtmgc8nHqUsAu3G4gtmXkkY3Sw==",
      "deprecated": "Vue 2 has reached EOL and is no longer actively maintained. See https://v2.vuejs.org/eol/ for more details.",
      "license": "MIT",
      "dependencies": {
        "@vue/compiler-sfc": "2.7.16",
        "csstype": "^3.1.0"
      }
    },
    "node_modules/vue-markdown": {
      "version": "2.2.4",
      "resolved": "https://registry.npmmirror.com/vue-markdown/-/vue-markdown-2.2.4.tgz",
      "integrity": "sha512-hoTX/W1UIdHZrp/b0vpHSsJXAEfWsafaQLgtE2VX4gY8O/C3L2Gabqu95gyG429rL4ML1SwGv+xsPABX7yfFIQ==",
      "license": "MIT",
      "dependencies": {
        "highlight.js": "^9.12.0",
        "markdown-it": "^6.0.1",
        "markdown-it-abbr": "^1.0.3",
        "markdown-it-deflist": "^2.0.1",
        "markdown-it-emoji": "^1.1.1",
        "markdown-it-footnote": "^2.0.0",
        "markdown-it-ins": "^2.0.0",
        "markdown-it-katex": "^2.0.3",
        "markdown-it-mark": "^2.0.0",
        "markdown-it-sub": "^1.0.0",
        "markdown-it-sup": "^1.0.0",
        "markdown-it-task-lists": "^2.0.1",
        "markdown-it-toc-and-anchor": "^4.1.2"
      }
    },
    "node_modules/vue-markdown-it": {
      "version": "0.9.4",
      "resolved": "https://registry.npmmirror.com/vue-markdown-it/-/vue-markdown-it-0.9.4.tgz",
      "integrity": "sha512-nI4AO3N6NKKmC5JRZhvbUEhW7Wa559peY0Ly0sZ6Tye84ROAWs9RZrUmbiCl4vTgBGcndlAYG7SYgi99CXH1Cw==",
      "license": "MIT",
      "dependencies": {
        "highlight.js": "^9.13.1",
        "markdown-it": "^8.4.2",
        "markdown-it-abbr": "^1.0.4",
        "markdown-it-deflist": "^2.0.3",
        "markdown-it-emoji": "^1.4.0",
        "markdown-it-footnote": "^3.0.1",
        "markdown-it-ins": "^2.0.0",
        "markdown-it-mark": "^2.0.0",
        "markdown-it-smartarrows": "^1.0.1",
        "markdown-it-sub": "^1.0.0",
        "markdown-it-sup": "^1.0.0",
        "markdown-it-task-lists": "^2.1.1",
        "vue": "^2.5.21"
      }
    },
    "node_modules/vue-markdown-it/node_modules/highlight.js": {
      "version": "9.18.5",
      "resolved": "https://registry.npmmirror.com/highlight.js/-/highlight.js-9.18.5.tgz",
      "integrity": "sha512-a5bFyofd/BHCX52/8i8uJkjr9DYwXIPnM/plwI6W7ezItLGqzt7X2G2nXuYSfsIJdkwwj/g9DG1LkcGJI/dDoA==",
      "deprecated": "Support has ended for 9.x series. Upgrade to @latest",
      "hasInstallScript": true,
      "license": "BSD-3-Clause",
      "engines": {
        "node": "*"
      }
    },
    "node_modules/vue-markdown-it/node_modules/linkify-it": {
      "version": "2.2.0",
      "resolved": "https://registry.npmmirror.com/linkify-it/-/linkify-it-2.2.0.tgz",
      "integrity": "sha512-GnAl/knGn+i1U/wjBz3akz2stz+HrHLsxMwHQGofCDfPvlf+gDKN58UtfmUquTY4/MXeE2x7k19KQmeoZi94Iw==",
      "license": "MIT",
      "dependencies": {
        "uc.micro": "^1.0.1"
      }
    },
    "node_modules/vue-markdown-it/node_modules/markdown-it": {
      "version": "8.4.2",
      "resolved": "https://registry.npmmirror.com/markdown-it/-/markdown-it-8.4.2.tgz",
      "integrity": "sha512-GcRz3AWTqSUphY3vsUqQSFMbgR38a4Lh3GWlHRh/7MRwz8mcu9n2IO7HOh+bXHrR9kOPDl5RNCaEsrneb+xhHQ==",
      "license": "MIT",
      "dependencies": {
        "argparse": "^1.0.7",
        "entities": "~1.1.1",
        "linkify-it": "^2.0.0",
        "mdurl": "^1.0.1",
        "uc.micro": "^1.0.5"
      },
      "bin": {
        "markdown-it": "bin/markdown-it.js"
      }
    },
    "node_modules/vue-markdown-it/node_modules/markdown-it-footnote": {
      "version": "3.0.3",
      "resolved": "https://registry.npmmirror.com/markdown-it-footnote/-/markdown-it-footnote-3.0.3.tgz",
      "integrity": "sha512-YZMSuCGVZAjzKMn+xqIco9d1cLGxbELHZ9do/TSYVzraooV8ypsppKNmUJ0fVH5ljkCInQAtFpm8Rb3eXSrt5w==",
      "license": "MIT"
    },
    "node_modules/vue-markdown/node_modules/highlight.js": {
      "version": "9.18.5",
      "resolved": "https://registry.npmmirror.com/highlight.js/-/highlight.js-9.18.5.tgz",
      "integrity": "sha512-a5bFyofd/BHCX52/8i8uJkjr9DYwXIPnM/plwI6W7ezItLGqzt7X2G2nXuYSfsIJdkwwj/g9DG1LkcGJI/dDoA==",
      "deprecated": "Support has ended for 9.x series. Upgrade to @latest",
      "hasInstallScript": true,
      "license": "BSD-3-Clause",
      "engines": {
        "node": "*"
      }
    },
    "node_modules/vue3-markdown-it": {
      "version": "1.0.10",
      "resolved": "https://registry.npmmirror.com/vue3-markdown-it/-/vue3-markdown-it-1.0.10.tgz",
      "integrity": "sha512-mTvHu0zl7jrh7ojgaZ+tTpCLiS4CVg4bTgTu4KGhw/cRRY5YgIG8QgFAPu6kCzSW6Znc9a52Beb6hFvF4hSMkQ==",
      "license": "MIT",
      "dependencies": {
        "markdown-it": "^12.3.2",
        "markdown-it-abbr": "^1.0.4",
        "markdown-it-anchor": "^8.4.1",
        "markdown-it-deflist": "^2.1.0",
        "markdown-it-emoji": "^2.0.0",
        "markdown-it-footnote": "^3.0.3",
        "markdown-it-highlightjs": "^3.6.0",
        "markdown-it-ins": "^3.0.1",
        "markdown-it-mark": "^3.0.1",
        "markdown-it-sub": "^1.0.0",
        "markdown-it-sup": "^1.0.0",
        "markdown-it-task-lists": "^2.1.1",
        "markdown-it-toc-done-right": "^4.2.0"
      }
    },
    "node_modules/vue3-markdown-it/node_modules/argparse": {
      "version": "2.0.1",
      "resolved": "https://registry.npmmirror.com/argparse/-/argparse-2.0.1.tgz",
      "integrity": "sha512-8+9WqebbFzpX9OR+Wa6O29asIogeRMzcGtAINdpMHHyAg10f05aSFVBbcEqGf/PXw1EjAZ+q2/bEBg3DvurK3Q==",
      "license": "Python-2.0"
    },
    "node_modules/vue3-markdown-it/node_modules/entities": {
      "version": "2.1.0",
      "resolved": "https://registry.npmmirror.com/entities/-/entities-2.1.0.tgz",
      "integrity": "sha512-hCx1oky9PFrJ611mf0ifBLBRW8lUUVRlFolb5gWRfIELabBlbp9xZvrqZLZAs+NxFnbfQoeGd8wDkygjg7U85w==",
      "license": "BSD-2-Clause",
      "funding": {
        "url": "https://github.com/fb55/entities?sponsor=1"
      }
    },
    "node_modules/vue3-markdown-it/node_modules/linkify-it": {
      "version": "3.0.3",
      "resolved": "https://registry.npmmirror.com/linkify-it/-/linkify-it-3.0.3.tgz",
      "integrity": "sha512-ynTsyrFSdE5oZ/O9GEf00kPngmOfVwazR5GKDq6EYfhlpFug3J2zybX56a2PRRpc9P+FuSoGNAwjlbDs9jJBPQ==",
      "license": "MIT",
      "dependencies": {
        "uc.micro": "^1.0.1"
      }
    },
    "node_modules/vue3-markdown-it/node_modules/markdown-it": {
      "version": "12.3.2",
      "resolved": "https://registry.npmmirror.com/markdown-it/-/markdown-it-12.3.2.tgz",
      "integrity": "sha512-TchMembfxfNVpHkbtriWltGWc+m3xszaRD0CZup7GFFhzIgQqxIfn3eGj1yZpfuflzPvfkt611B2Q/Bsk1YnGg==",
      "license": "MIT",
      "dependencies": {
        "argparse": "^2.0.1",
        "entities": "~2.1.0",
        "linkify-it": "^3.0.1",
        "mdurl": "^1.0.1",
        "uc.micro": "^1.0.5"
      },
      "bin": {
        "markdown-it": "bin/markdown-it.js"
      }
    },
    "node_modules/vue3-markdown-it/node_modules/markdown-it-emoji": {
      "version": "2.0.2",
      "resolved": "https://registry.npmmirror.com/markdown-it-emoji/-/markdown-it-emoji-2.0.2.tgz",
      "integrity": "sha512-zLftSaNrKuYl0kR5zm4gxXjHaOI3FAOEaloKmRA5hijmJZvSjmxcokOLlzycb/HXlUFWzXqpIEoyEMCE4i9MvQ==",
      "license": "MIT"
    },
    "node_modules/vue3-markdown-it/node_modules/markdown-it-footnote": {
      "version": "3.0.3",
      "resolved": "https://registry.npmmirror.com/markdown-it-footnote/-/markdown-it-footnote-3.0.3.tgz",
      "integrity": "sha512-YZMSuCGVZAjzKMn+xqIco9d1cLGxbELHZ9do/TSYVzraooV8ypsppKNmUJ0fVH5ljkCInQAtFpm8Rb3eXSrt5w==",
      "license": "MIT"
    },
    "node_modules/vue3-markdown-it/node_modules/markdown-it-ins": {
      "version": "3.0.1",
      "resolved": "https://registry.npmmirror.com/markdown-it-ins/-/markdown-it-ins-3.0.1.tgz",
      "integrity": "sha512-32SSfZqSzqyAmmQ4SHvhxbFqSzPDqsZgMHDwxqPzp+v+t8RsmqsBZRG+RfRQskJko9PfKC2/oxyOs4Yg/CfiRw==",
      "license": "MIT"
    },
    "node_modules/vue3-markdown-it/node_modules/markdown-it-mark": {
      "version": "3.0.1",
      "resolved": "https://registry.npmmirror.com/markdown-it-mark/-/markdown-it-mark-3.0.1.tgz",
      "integrity": "sha512-HyxjAu6BRsdt6Xcv6TKVQnkz/E70TdGXEFHRYBGLncRE9lBFwDNLVtFojKxjJWgJ+5XxUwLaHXy+2sGBbDn+4A==",
      "license": "MIT"
    },
    "node_modules/zrender": {
      "version": "5.5.0",
      "resolved": "https://registry.npmjs.org/zrender/-/zrender-5.5.0.tgz",
      "integrity": "sha512-O3MilSi/9mwoovx77m6ROZM7sXShR/O/JIanvzTwjN3FORfLSr81PsUGd7jlaYOeds9d8tw82oP44+3YucVo+w==",
      "dependencies": {
        "tslib": "2.3.0"
      }
    }
  }
}
